lockfileVersion: '9.0'

settings:
  autoInstallPeers: true
  excludeLinksFromLockfile: false

importers:

  .:
    devDependencies:
      '@types/node':
        specifier: ^20.0.0
        version: 20.19.2
      turbo:
        specifier: ^2.0.0
        version: 2.5.4
      typescript:
        specifier: ^5.0.0
        version: 5.8.3

  packages/cli:
    dependencies:
      '@designtoken/core':
        specifier: workspace:*
        version: link:../core
      '@designtoken/dtcg-spec-2025-06-02-format':
        specifier: workspace:*
        version: link:../dtcg-spec-2025-06-02-format
      '@designtoken/dtcg-spec-2025-06-28-color':
        specifier: workspace:*
        version: link:../dtcg-spec-2025-06-28-color
    devDependencies:
      '@types/node':
        specifier: ^20.0.0
        version: 20.19.2
      typescript:
        specifier: ^5.0.0
        version: 5.8.3

  packages/core:
    devDependencies:
      '@types/node':
        specifier: ^20.0.0
        version: 20.19.2
      typescript:
        specifier: ^5.0.0
        version: 5.8.3

  packages/dtcg-spec-2025-06-02-format:
    dependencies:
      '@designtoken/core':
        specifier: workspace:*
        version: link:../core
    devDependencies:
      '@types/node':
        specifier: ^20.0.0
        version: 20.19.2
      typescript:
        specifier: ^5.0.0
        version: 5.8.3

  packages/dtcg-spec-2025-06-28-color:
    dependencies:
      '@designtoken/core':
        specifier: workspace:*
        version: link:../core
    devDependencies:
      '@types/node':
        specifier: ^20.0.0
        version: 20.19.2
      typescript:
        specifier: ^5.0.0
        version: 5.8.3

packages:

  '@types/node@20.19.2':
    resolution: {integrity: sha512-9pLGGwdzOUBDYi0GNjM97FIA+f92fqSke6joWeBjWXllfNxZBs7qeMF7tvtOIsbY45xkWkxrdwUfUf3MnQa9gA==}

  turbo-darwin-64@2.5.4:
    resolution: {integrity: sha512-ah6YnH2dErojhFooxEzmvsoZQTMImaruZhFPfMKPBq8sb+hALRdvBNLqfc8NWlZq576FkfRZ/MSi4SHvVFT9PQ==}
    cpu: [x64]
    os: [darwin]

  turbo-darwin-arm64@2.5.4:
    resolution: {integrity: sha512-2+Nx6LAyuXw2MdXb7pxqle3MYignLvS7OwtsP9SgtSBaMlnNlxl9BovzqdYAgkUW3AsYiQMJ/wBRb7d+xemM5A==}
    cpu: [arm64]
    os: [darwin]

  turbo-linux-64@2.5.4:
    resolution: {integrity: sha512-5May2kjWbc8w4XxswGAl74GZ5eM4Gr6IiroqdLhXeXyfvWEdm2mFYCSWOzz0/z5cAgqyGidF1jt1qzUR8hTmOA==}
    cpu: [x64]
    os: [linux]

  turbo-linux-arm64@2.5.4:
    resolution: {integrity: sha512-/2yqFaS3TbfxV3P5yG2JUI79P7OUQKOUvAnx4MV9Bdz6jqHsHwc9WZPpO4QseQm+NvmgY6ICORnoVPODxGUiJg==}
    cpu: [arm64]
    os: [linux]

  turbo-windows-64@2.5.4:
    resolution: {integrity: sha512-EQUO4SmaCDhO6zYohxIjJpOKRN3wlfU7jMAj3CgcyTPvQR/UFLEKAYHqJOnJtymbQmiiM/ihX6c6W6Uq0yC7mA==}
    cpu: [x64]
    os: [win32]

  turbo-windows-arm64@2.5.4:
    resolution: {integrity: sha512-oQ8RrK1VS8lrxkLriotFq+PiF7iiGgkZtfLKF4DDKsmdbPo0O9R2mQxm7jHLuXraRCuIQDWMIw6dpcr7Iykf4A==}
    cpu: [arm64]
    os: [win32]

  turbo@2.5.4:
    resolution: {integrity: sha512-kc8ZibdRcuWUG1pbYSBFWqmIjynlD8Lp7IB6U3vIzvOv9VG+6Sp8bzyeBWE3Oi8XV5KsQrznyRTBPvrf99E4mA==}
    hasBin: true

  typescript@5.8.3:
    resolution: {integrity: sha512-p1diW6TqL9L07nNxvRMM7hMMw4c5XOo/1ibL4aAIGmSAt9slTE1Xgw5KWuof2uTOvCg9BY7ZRi+GaF+7sfgPeQ==}
    engines: {node: '>=14.17'}
    hasBin: true

  undici-types@6.21.0:
    resolution: {integrity: sha512-iwDZqg0QAGrg9Rav5H4n0M64c3mkR59cJ6wQp+7C4nI0gsmExaedaYLNO44eT4AtBBwjbTiGPMlt2Md0T9H9JQ==}

snapshots:

  '@types/node@20.19.2':
    dependencies:
      undici-types: 6.21.0

  turbo-darwin-64@2.5.4:
    optional: true

  turbo-darwin-arm64@2.5.4:
    optional: true

  turbo-linux-64@2.5.4:
    optional: true

  turbo-linux-arm64@2.5.4:
    optional: true

  turbo-windows-64@2.5.4:
    optional: true

  turbo-windows-arm64@2.5.4:
    optional: true

  turbo@2.5.4:
    optionalDependencies:
      turbo-darwin-64: 2.5.4
      turbo-darwin-arm64: 2.5.4
      turbo-linux-64: 2.5.4
      turbo-linux-arm64: 2.5.4
      turbo-windows-64: 2.5.4
      turbo-windows-arm64: 2.5.4

  typescript@5.8.3: {}

  undici-types@6.21.0: {}
